
Microsoft Visual Studio Solution File, Format Version 12.00
# Visual Studio Version 18
VisualStudioVersion = 18.0.11222.15 d18.0
MinimumVisualStudioVersion = 10.0.40219.1
Project("{2150E333-8FDC-42A3-9474-1A3956D46DE8}") = "Services", "Services", "{02EA681E-C7D8-13C7-8484-4AC65E1B71E8}"
EndProject
Project("{2150E333-8FDC-42A3-9474-1A3956D46DE8}") = "Catalog", "Catalog", "{23746429-9618-43CA-A3EC-E1D100025732}"
EndProject
Project("{FAE04EC0-301F-11D3-BF4B-00C04F79EFBC}") = "Catalog.API", "Services\Catalog\Catalog.API\Catalog.API.csproj", "{173F4876-094E-4325-BFCC-089603429C92}"
EndProject
Project("{2150E333-8FDC-42A3-9474-1A3956D46DE8}") = "BuildingBlocks", "BuildingBlocks", "{C9B4A751-B37C-43AB-909C-05B4AFF93356}"
EndProject
Project("{FAE04EC0-301F-11D3-BF4B-00C04F79EFBC}") = "BuildingBlocks", "BuildingBlocks\BuildingBlocks\BuildingBlocks.csproj", "{F42BDAEB-5A33-4EE9-A92E-D4BB11AFE82A}"
EndProject
Project("{2150E333-8FDC-42A3-9474-1A3956D46DE8}") = "Solution Items", "Solution Items", "{71DDD277-2102-4AE6-8E36-62DC4CA58DA5}"
	ProjectSection(SolutionItems) = preProject
		compose.override.yml = compose.override.yml
		compose.yml = compose.yml
	EndProjectSection
EndProject
Project("{2150E333-8FDC-42A3-9474-1A3956D46DE8}") = "Basket", "Basket", "{689A12F6-14AB-4F64-ACD7-47659A86B294}"
EndProject
Project("{FAE04EC0-301F-11D3-BF4B-00C04F79EFBC}") = "Basket.API", "Services\Basket\Basket.API\Basket.API.csproj", "{4B32AC10-90C4-47B6-B412-C6791A4C5951}"
EndProject
Project("{2150E333-8FDC-42A3-9474-1A3956D46DE8}") = "Discount", "Discount", "{EB234096-C7DC-4BB9-9832-736AE6C4FDA6}"
EndProject
Project("{FAE04EC0-301F-11D3-BF4B-00C04F79EFBC}") = "Discount.Grpc", "Services\Discount\Discount.Grpc\Discount.Grpc.csproj", "{D5D5A404-29A0-495E-BC13-4BDC1627570B}"
EndProject
Project("{2150E333-8FDC-42A3-9474-1A3956D46DE8}") = "Ordering", "Ordering", "{5109EAF6-481E-4A73-ABA9-25FF18842181}"
EndProject
Project("{FAE04EC0-301F-11D3-BF4B-00C04F79EFBC}") = "Ordering.API", "Services\Ordering\Ordering.API\Ordering.API.csproj", "{DB3204A5-6C3F-46E1-BCAF-F426EBACA587}"
EndProject
Project("{FAE04EC0-301F-11D3-BF4B-00C04F79EFBC}") = "Ordering.Domain", "Services\Ordering\Ordering.Domain\Ordering.Domain.csproj", "{95501228-99E7-40DC-B220-CA271D909CEA}"
EndProject
Project("{FAE04EC0-301F-11D3-BF4B-00C04F79EFBC}") = "Ordering.Application", "Services\Ordering\Ordering.Application\Ordering.Application.csproj", "{BCE1A9B3-67C1-40F6-A216-EF25AF45AB54}"
EndProject
Project("{FAE04EC0-301F-11D3-BF4B-00C04F79EFBC}") = "Ordering.Infrastructure", "Services\Ordering\Ordering.Infrastructure\Ordering.Infrastructure.csproj", "{C3DCD528-35F6-456A-9568-F0A84EBC337D}"
EndProject
Global
	GlobalSection(SolutionConfigurationPlatforms) = preSolution
		Debug|Any CPU = Debug|Any CPU
		Release|Any CPU = Release|Any CPU
	EndGlobalSection
	GlobalSection(ProjectConfigurationPlatforms) = postSolution
		{173F4876-094E-4325-BFCC-089603429C92}.Debug|Any CPU.ActiveCfg = Debug|Any CPU
		{173F4876-094E-4325-BFCC-089603429C92}.Release|Any CPU.ActiveCfg = Release|Any CPU
		{173F4876-094E-4325-BFCC-089603429C92}.Release|Any CPU.Build.0 = Release|Any CPU
		{173F4876-094E-4325-BFCC-089603429C92}.Debug|Any CPU.Build.0 = Debug|Any CPU
		{F42BDAEB-5A33-4EE9-A92E-D4BB11AFE82A}.Debug|Any CPU.ActiveCfg = Debug|Any CPU
		{F42BDAEB-5A33-4EE9-A92E-D4BB11AFE82A}.Release|Any CPU.ActiveCfg = Release|Any CPU
		{F42BDAEB-5A33-4EE9-A92E-D4BB11AFE82A}.Release|Any CPU.Build.0 = Release|Any CPU
		{F42BDAEB-5A33-4EE9-A92E-D4BB11AFE82A}.Debug|Any CPU.Build.0 = Debug|Any CPU
		{4B32AC10-90C4-47B6-B412-C6791A4C5951}.Debug|Any CPU.ActiveCfg = Debug|Any CPU
		{4B32AC10-90C4-47B6-B412-C6791A4C5951}.Debug|Any CPU.Build.0 = Debug|Any CPU
		{4B32AC10-90C4-47B6-B412-C6791A4C5951}.Release|Any CPU.ActiveCfg = Release|Any CPU
		{4B32AC10-90C4-47B6-B412-C6791A4C5951}.Release|Any CPU.Build.0 = Release|Any CPU
		{D5D5A404-29A0-495E-BC13-4BDC1627570B}.Debug|Any CPU.ActiveCfg = Debug|Any CPU
		{D5D5A404-29A0-495E-BC13-4BDC1627570B}.Debug|Any CPU.Build.0 = Debug|Any CPU
		{D5D5A404-29A0-495E-BC13-4BDC1627570B}.Release|Any CPU.ActiveCfg = Release|Any CPU
		{D5D5A404-29A0-495E-BC13-4BDC1627570B}.Release|Any CPU.Build.0 = Release|Any CPU
		{DB3204A5-6C3F-46E1-BCAF-F426EBACA587}.Debug|Any CPU.ActiveCfg = Debug|Any CPU
		{DB3204A5-6C3F-46E1-BCAF-F426EBACA587}.Debug|Any CPU.Build.0 = Debug|Any CPU
		{DB3204A5-6C3F-46E1-BCAF-F426EBACA587}.Release|Any CPU.ActiveCfg = Release|Any CPU
		{DB3204A5-6C3F-46E1-BCAF-F426EBACA587}.Release|Any CPU.Build.0 = Release|Any CPU
		{95501228-99E7-40DC-B220-CA271D909CEA}.Debug|Any CPU.ActiveCfg = Debug|Any CPU
		{95501228-99E7-40DC-B220-CA271D909CEA}.Debug|Any CPU.Build.0 = Debug|Any CPU
		{95501228-99E7-40DC-B220-CA271D909CEA}.Release|Any CPU.ActiveCfg = Release|Any CPU
		{95501228-99E7-40DC-B220-CA271D909CEA}.Release|Any CPU.Build.0 = Release|Any CPU
		{BCE1A9B3-67C1-40F6-A216-EF25AF45AB54}.Debug|Any CPU.ActiveCfg = Debug|Any CPU
		{BCE1A9B3-67C1-40F6-A216-EF25AF45AB54}.Debug|Any CPU.Build.0 = Debug|Any CPU
		{BCE1A9B3-67C1-40F6-A216-EF25AF45AB54}.Release|Any CPU.ActiveCfg = Release|Any CPU
		{BCE1A9B3-67C1-40F6-A216-EF25AF45AB54}.Release|Any CPU.Build.0 = Release|Any CPU
		{C3DCD528-35F6-456A-9568-F0A84EBC337D}.Debug|Any CPU.ActiveCfg = Debug|Any CPU
		{C3DCD528-35F6-456A-9568-F0A84EBC337D}.Debug|Any CPU.Build.0 = Debug|Any CPU
		{C3DCD528-35F6-456A-9568-F0A84EBC337D}.Release|Any CPU.ActiveCfg = Release|Any CPU
		{C3DCD528-35F6-456A-9568-F0A84EBC337D}.Release|Any CPU.Build.0 = Release|Any CPU
	EndGlobalSection
	GlobalSection(SolutionProperties) = preSolution
		HideSolutionNode = FALSE
	EndGlobalSection
	GlobalSection(NestedProjects) = preSolution
		{23746429-9618-43CA-A3EC-E1D100025732} = {02EA681E-C7D8-13C7-8484-4AC65E1B71E8}
		{173F4876-094E-4325-BFCC-089603429C92} = {23746429-9618-43CA-A3EC-E1D100025732}
		{F42BDAEB-5A33-4EE9-A92E-D4BB11AFE82A} = {C9B4A751-B37C-43AB-909C-05B4AFF93356}
		{689A12F6-14AB-4F64-ACD7-47659A86B294} = {02EA681E-C7D8-13C7-8484-4AC65E1B71E8}
		{4B32AC10-90C4-47B6-B412-C6791A4C5951} = {689A12F6-14AB-4F64-ACD7-47659A86B294}
		{EB234096-C7DC-4BB9-9832-736AE6C4FDA6} = {02EA681E-C7D8-13C7-8484-4AC65E1B71E8}
		{D5D5A404-29A0-495E-BC13-4BDC1627570B} = {EB234096-C7DC-4BB9-9832-736AE6C4FDA6}
		{5109EAF6-481E-4A73-ABA9-25FF18842181} = {02EA681E-C7D8-13C7-8484-4AC65E1B71E8}
		{DB3204A5-6C3F-46E1-BCAF-F426EBACA587} = {5109EAF6-481E-4A73-ABA9-25FF18842181}
		{95501228-99E7-40DC-B220-CA271D909CEA} = {5109EAF6-481E-4A73-ABA9-25FF18842181}
		{BCE1A9B3-67C1-40F6-A216-EF25AF45AB54} = {5109EAF6-481E-4A73-ABA9-25FF18842181}
		{C3DCD528-35F6-456A-9568-F0A84EBC337D} = {5109EAF6-481E-4A73-ABA9-25FF18842181}
	EndGlobalSection
	GlobalSection(ExtensibilityGlobals) = postSolution
		SolutionGuid = {AAAD45F5-DDAF-4E56-B2C9-79FAFD599431}
	EndGlobalSection
EndGlobal
